// !$*UTF8*$!
{
	archiveVersion = 1;
	classes = {
	};
	objectVersion = 46;
	objects = {

/* Begin PBXBuildFile section */
		1479CEE6E5F012E89300C3DD /* Pods_Scheduler_1.framework in Frameworks */ = {isa = PBXBuildFile; fileRef = AD5E80B2E5AA596E533FC946 /* Pods_Scheduler_1.framework */; };
		3BC10F59427E61638FD1FFEE /* Pods_Scheduler_1UITests.framework in Frameworks */ = {isa = PBXBuildFile; fileRef = BE56BB7B5414E170409A0D2C /* Pods_Scheduler_1UITests.framework */; };
		5593623D494180186527F2D1 /* Pods_Scheduler_1Tests.framework in Frameworks */ = {isa = PBXBuildFile; fileRef = 3E523CF968B2CCCB4360D7F6 /* Pods_Scheduler_1Tests.framework */; };
		B509F9B71DDFDCB700053174 /* GoogleService-Info.plist in Resources */ = {isa = PBXBuildFile; fileRef = B509F9B61DDFDCB700053174 /* GoogleService-Info.plist */; };
		B57559531DB303B500959ECF /* AppDelegate.swift in Sources */ = {isa = PBXBuildFile; fileRef = B57559521DB303B500959ECF /* AppDelegate.swift */; };
		B57559551DB303B500959ECF /* ViewController.swift in Sources */ = {isa = PBXBuildFile; fileRef = B57559541DB303B500959ECF /* ViewController.swift */; };
		B575595A1DB303B500959ECF /* Assets.xcassets in Resources */ = {isa = PBXBuildFile; fileRef = B57559591DB303B500959ECF /* Assets.xcassets */; };
		B575595D1DB303B500959ECF /* LaunchScreen.storyboard in Resources */ = {isa = PBXBuildFile; fileRef = B575595B1DB303B500959ECF /* LaunchScreen.storyboard */; };
		B57559681DB303B500959ECF /* Scheduler_1Tests.swift in Sources */ = {isa = PBXBuildFile; fileRef = B57559671DB303B500959ECF /* Scheduler_1Tests.swift */; };
		B57559731DB303B500959ECF /* Scheduler_1UITests.swift in Sources */ = {isa = PBXBuildFile; fileRef = B57559721DB303B500959ECF /* Scheduler_1UITests.swift */; };
		B59F960A1DBEA64F00E20D08 /* EventDetailsViewController.swift in Sources */ = {isa = PBXBuildFile; fileRef = B59F96091DBEA64F00E20D08 /* EventDetailsViewController.swift */; };
		B59F960C1DBEA70E00E20D08 /* EventsViewController.swift in Sources */ = {isa = PBXBuildFile; fileRef = B59F960B1DBEA70E00E20D08 /* EventsViewController.swift */; };
		B5A950E01DD6D0490031D606 /* Login.swift in Sources */ = {isa = PBXBuildFile; fileRef = B5A950DF1DD6D0490031D606 /* Login.swift */; };
		B5A950E31DD6D2740031D606 /* Main.storyboard in Resources */ = {isa = PBXBuildFile; fileRef = B5A950E11DD6D2740031D606 /* Main.storyboard */; };
		B5F97F4D1DD4FF1100F3F0AB /* GoogleService-Info.plist in Resources */ = {isa = PBXBuildFile; fileRef = B5F97F4C1DD4FF1100F3F0AB /* GoogleService-Info.plist */; };
		B5F97F4F1DD5009600F3F0AB /* User.swift in Sources */ = {isa = PBXBuildFile; fileRef = B5F97F4E1DD5009600F3F0AB /* User.swift */; };
		B5F97F511DD502F500F3F0AB /* Event.swift in Sources */ = {isa = PBXBuildFile; fileRef = B5F97F501DD502F500F3F0AB /* Event.swift */; };
/* End PBXBuildFile section */

/* Begin PBXContainerItemProxy section */
		B57559641DB303B500959ECF /* PBXContainerItemProxy */ = {
			isa = PBXContainerItemProxy;
			containerPortal = B57559471DB303B500959ECF /* Project object */;
			proxyType = 1;
			remoteGlobalIDString = B575594E1DB303B500959ECF;
			remoteInfo = Scheduler_1;
		};
		B575596F1DB303B500959ECF /* PBXContainerItemProxy */ = {
			isa = PBXContainerItemProxy;
			containerPortal = B57559471DB303B500959ECF /* Project object */;
			proxyType = 1;
			remoteGlobalIDString = B575594E1DB303B500959ECF;
			remoteInfo = Scheduler_1;
		};
/* End PBXContainerItemProxy section */

/* Begin PBXFileReference section */
		2797EA6E739C8BAAB3728536 /* Pods-Scheduler_1Tests.debug.xcconfig */ = {isa = PBXFileReference; includeInIndex = 1; lastKnownFileType = text.xcconfig; name = "Pods-Scheduler_1Tests.debug.xcconfig"; path = "Pods/Target Support Files/Pods-Scheduler_1Tests/Pods-Scheduler_1Tests.debug.xcconfig"; sourceTree = "<group>"; };
		3E523CF968B2CCCB4360D7F6 /* Pods_Scheduler_1Tests.framework */ = {isa = PBXFileReference; explicitFileType = wrapper.framework; includeInIndex = 0; path = Pods_Scheduler_1Tests.framework; sourceTree = BUILT_PRODUCTS_DIR; };
		84FD573F094D3ACB867CC2A1 /* Pods-Scheduler_1UITests.release.xcconfig */ = {isa = PBXFileReference; includeInIndex = 1; lastKnownFileType = text.xcconfig; name = "Pods-Scheduler_1UITests.release.xcconfig"; path = "Pods/Target Support Files/Pods-Scheduler_1UITests/Pods-Scheduler_1UITests.release.xcconfig"; sourceTree = "<group>"; };
		A2D230AACB27AD6B1FE7C3EA /* Pods-Scheduler_1UITests.debug.xcconfig */ = {isa = PBXFileReference; includeInIndex = 1; lastKnownFileType = text.xcconfig; name = "Pods-Scheduler_1UITests.debug.xcconfig"; path = "Pods/Target Support Files/Pods-Scheduler_1UITests/Pods-Scheduler_1UITests.debug.xcconfig"; sourceTree = "<group>"; };
		AD5E80B2E5AA596E533FC946 /* Pods_Scheduler_1.framework */ = {isa = PBXFileReference; explicitFileType = wrapper.framework; includeInIndex = 0; path = Pods_Scheduler_1.framework; sourceTree = BUILT_PRODUCTS_DIR; };
		B509F9B61DDFDCB700053174 /* GoogleService-Info.plist */ = {isa = PBXFileReference; fileEncoding = 4; lastKnownFileType = text.plist.xml; name = "GoogleService-Info.plist"; path = "../../../../Downloads/GoogleService-Info.plist"; sourceTree = "<group>"; };
		B575594F1DB303B500959ECF /* Scheduler_1.app */ = {isa = PBXFileReference; explicitFileType = wrapper.application; includeInIndex = 0; path = Scheduler_1.app; sourceTree = BUILT_PRODUCTS_DIR; };
		B57559521DB303B500959ECF /* AppDelegate.swift */ = {isa = PBXFileReference; lastKnownFileType = sourcecode.swift; name = AppDelegate.swift; path = Scheduler_1/AppDelegate.swift; sourceTree = "<group>"; };
		B57559541DB303B500959ECF /* ViewController.swift */ = {isa = PBXFileReference; lastKnownFileType = sourcecode.swift; name = ViewController.swift; path = Scheduler_1/ViewController.swift; sourceTree = "<group>"; };
		B57559591DB303B500959ECF /* Assets.xcassets */ = {isa = PBXFileReference; lastKnownFileType = folder.assetcatalog; path = Assets.xcassets; sourceTree = "<group>"; };
		B575595C1DB303B500959ECF /* Base */ = {isa = PBXFileReference; lastKnownFileType = file.storyboard; name = Base; path = Base.lproj/LaunchScreen.storyboard; sourceTree = "<group>"; };
		B575595E1DB303B500959ECF /* Info.plist */ = {isa = PBXFileReference; lastKnownFileType = text.plist.xml; path = Info.plist; sourceTree = "<group>"; };
		B57559631DB303B500959ECF /* Scheduler_1Tests.xctest */ = {isa = PBXFileReference; explicitFileType = wrapper.cfbundle; includeInIndex = 0; path = Scheduler_1Tests.xctest; sourceTree = BUILT_PRODUCTS_DIR; };
		B57559671DB303B500959ECF /* Scheduler_1Tests.swift */ = {isa = PBXFileReference; lastKnownFileType = sourcecode.swift; path = Scheduler_1Tests.swift; sourceTree = "<group>"; };
		B57559691DB303B500959ECF /* Info.plist */ = {isa = PBXFileReference; lastKnownFileType = text.plist.xml; path = Info.plist; sourceTree = "<group>"; };
		B575596E1DB303B500959ECF /* Scheduler_1UITests.xctest */ = {isa = PBXFileReference; explicitFileType = wrapper.cfbundle; includeInIndex = 0; path = Scheduler_1UITests.xctest; sourceTree = BUILT_PRODUCTS_DIR; };
		B57559721DB303B500959ECF /* Scheduler_1UITests.swift */ = {isa = PBXFileReference; lastKnownFileType = sourcecode.swift; path = Scheduler_1UITests.swift; sourceTree = "<group>"; };
		B57559741DB303B500959ECF /* Info.plist */ = {isa = PBXFileReference; lastKnownFileType = text.plist.xml; path = Info.plist; sourceTree = "<group>"; };
		B59F96091DBEA64F00E20D08 /* EventDetailsViewController.swift */ = {isa = PBXFileReference; fileEncoding = 4; lastKnownFileType = sourcecode.swift; name = EventDetailsViewController.swift; path = Scheduler_1/EventDetailsViewController.swift; sourceTree = "<group>"; };
		B59F960B1DBEA70E00E20D08 /* EventsViewController.swift */ = {isa = PBXFileReference; fileEncoding = 4; lastKnownFileType = sourcecode.swift; name = EventsViewController.swift; path = Scheduler_1/EventsViewController.swift; sourceTree = "<group>"; };
		B5A950DF1DD6D0490031D606 /* Login.swift */ = {isa = PBXFileReference; fileEncoding = 4; lastKnownFileType = sourcecode.swift; path = Login.swift; sourceTree = "<group>"; };
		B5A950E21DD6D2740031D606 /* Base */ = {isa = PBXFileReference; lastKnownFileType = file.storyboard; name = Base; path = Scheduler_1/Base.lproj/Main.storyboard; sourceTree = "<group>"; };
		B5F97F4C1DD4FF1100F3F0AB /* GoogleService-Info.plist */ = {isa = PBXFileReference; fileEncoding = 4; lastKnownFileType = text.plist.xml; name = "GoogleService-Info.plist"; path = "../../../../Downloads/GoogleService-Info.plist"; sourceTree = "<group>"; };
		B5F97F4E1DD5009600F3F0AB /* User.swift */ = {isa = PBXFileReference; fileEncoding = 4; lastKnownFileType = sourcecode.swift; path = User.swift; sourceTree = "<group>"; };
		B5F97F501DD502F500F3F0AB /* Event.swift */ = {isa = PBXFileReference; fileEncoding = 4; lastKnownFileType = sourcecode.swift; path = Event.swift; sourceTree = "<group>"; };
		BC92056552C992B7CDCABE2B /* Pods-Scheduler_1.debug.xcconfig */ = {isa = PBXFileReference; includeInIndex = 1; lastKnownFileType = text.xcconfig; name = "Pods-Scheduler_1.debug.xcconfig"; path = "Pods/Target Support Files/Pods-Scheduler_1/Pods-Scheduler_1.debug.xcconfig"; sourceTree = "<group>"; };
		BE56BB7B5414E170409A0D2C /* Pods_Scheduler_1UITests.framework */ = {isa = PBXFileReference; explicitFileType = wrapper.framework; includeInIndex = 0; path = Pods_Scheduler_1UITests.framework; sourceTree = BUILT_PRODUCTS_DIR; };
		CBA9F3E1C2B9C9D7DB9CA86C /* Pods-Scheduler_1Tests.release.xcconfig */ = {isa = PBXFileReference; includeInIndex = 1; lastKnownFileType = text.xcconfig; name = "Pods-Scheduler_1Tests.release.xcconfig"; path = "Pods/Target Support Files/Pods-Scheduler_1Tests/Pods-Scheduler_1Tests.release.xcconfig"; sourceTree = "<group>"; };
		D3599C8A8D7D7FFF97C50FFC /* Pods-Scheduler_1.release.xcconfig */ = {isa = PBXFileReference; includeInIndex = 1; lastKnownFileType = text.xcconfig; name = "Pods-Scheduler_1.release.xcconfig"; path = "Pods/Target Support Files/Pods-Scheduler_1/Pods-Scheduler_1.release.xcconfig"; sourceTree = "<group>"; };
/* End PBXFileReference section */

/* Begin PBXFrameworksBuildPhase section */
		B575594C1DB303B500959ECF /* Frameworks */ = {
			isa = PBXFrameworksBuildPhase;
			buildActionMask = 2147483647;
			files = (
				1479CEE6E5F012E89300C3DD /* Pods_Scheduler_1.framework in Frameworks */,
			);
			runOnlyForDeploymentPostprocessing = 0;
		};
		B57559601DB303B500959ECF /* Frameworks */ = {
			isa = PBXFrameworksBuildPhase;
			buildActionMask = 2147483647;
			files = (
				5593623D494180186527F2D1 /* Pods_Scheduler_1Tests.framework in Frameworks */,
			);
			runOnlyForDeploymentPostprocessing = 0;
		};
		B575596B1DB303B500959ECF /* Frameworks */ = {
			isa = PBXFrameworksBuildPhase;
			buildActionMask = 2147483647;
			files = (
				3BC10F59427E61638FD1FFEE /* Pods_Scheduler_1UITests.framework in Frameworks */,
			);
			runOnlyForDeploymentPostprocessing = 0;
		};
/* End PBXFrameworksBuildPhase section */

/* Begin PBXGroup section */
		080716AF217F2926D2A98040 /* Frameworks */ = {
			isa = PBXGroup;
			children = (
				AD5E80B2E5AA596E533FC946 /* Pods_Scheduler_1.framework */,
				3E523CF968B2CCCB4360D7F6 /* Pods_Scheduler_1Tests.framework */,
				BE56BB7B5414E170409A0D2C /* Pods_Scheduler_1UITests.framework */,
			);
			name = Frameworks;
			sourceTree = "<group>";
		};
		553E8BB08948190DADF36D24 /* Pods */ = {
			isa = PBXGroup;
			children = (
				BC92056552C992B7CDCABE2B /* Pods-Scheduler_1.debug.xcconfig */,
				D3599C8A8D7D7FFF97C50FFC /* Pods-Scheduler_1.release.xcconfig */,
				2797EA6E739C8BAAB3728536 /* Pods-Scheduler_1Tests.debug.xcconfig */,
				CBA9F3E1C2B9C9D7DB9CA86C /* Pods-Scheduler_1Tests.release.xcconfig */,
				A2D230AACB27AD6B1FE7C3EA /* Pods-Scheduler_1UITests.debug.xcconfig */,
				84FD573F094D3ACB867CC2A1 /* Pods-Scheduler_1UITests.release.xcconfig */,
			);
			name = Pods;
			sourceTree = "<group>";
		};
		B57559461DB303B500959ECF = {
			isa = PBXGroup;
			children = (
				B5F97F4C1DD4FF1100F3F0AB /* GoogleService-Info.plist */,
				B509F9B61DDFDCB700053174 /* GoogleService-Info.plist */,
				B5F97F481DD4FD3400F3F0AB /* Models */,
				B5F97F491DD4FD4600F3F0AB /* Controllers */,
				B5F97F4A1DD4FD8000F3F0AB /* Layouts */,
				B5F97F4B1DD4FD9800F3F0AB /* Other */,
				B57559501DB303B500959ECF /* Products */,
				553E8BB08948190DADF36D24 /* Pods */,
				080716AF217F2926D2A98040 /* Frameworks */,
			);
			sourceTree = "<group>";
		};
		B57559501DB303B500959ECF /* Products */ = {
			isa = PBXGroup;
			children = (
				B575594F1DB303B500959ECF /* Scheduler_1.app */,
				B57559631DB303B500959ECF /* Scheduler_1Tests.xctest */,
				B575596E1DB303B500959ECF /* Scheduler_1UITests.xctest */,
			);
			name = Products;
			sourceTree = "<group>";
		};
		B57559511DB303B500959ECF /* Scheduler_1 */ = {
			isa = PBXGroup;
			children = (
				B57559591DB303B500959ECF /* Assets.xcassets */,
				B575595E1DB303B500959ECF /* Info.plist */,
			);
			path = Scheduler_1;
			sourceTree = "<group>";
		};
		B57559661DB303B500959ECF /* Scheduler_1Tests */ = {
			isa = PBXGroup;
			children = (
				B57559671DB303B500959ECF /* Scheduler_1Tests.swift */,
				B57559691DB303B500959ECF /* Info.plist */,
			);
			path = Scheduler_1Tests;
			sourceTree = SOURCE_ROOT;
		};
		B57559711DB303B500959ECF /* Scheduler_1UITests */ = {
			isa = PBXGroup;
			children = (
				B57559721DB303B500959ECF /* Scheduler_1UITests.swift */,
				B57559741DB303B500959ECF /* Info.plist */,
			);
			path = Scheduler_1UITests;
			sourceTree = "<group>";
		};
		B5F97F481DD4FD3400F3F0AB /* Models */ = {
			isa = PBXGroup;
			children = (
				B5F97F4E1DD5009600F3F0AB /* User.swift */,
				B5F97F501DD502F500F3F0AB /* Event.swift */,
			);
			name = Models;
			sourceTree = "<group>";
		};
		B5F97F491DD4FD4600F3F0AB /* Controllers */ = {
			isa = PBXGroup;
			children = (
				B57559541DB303B500959ECF /* ViewController.swift */,
				B59F960B1DBEA70E00E20D08 /* EventsViewController.swift */,
				B59F96091DBEA64F00E20D08 /* EventDetailsViewController.swift */,
				B5A950DF1DD6D0490031D606 /* Login.swift */,
			);
			name = Controllers;
			sourceTree = "<group>";
		};
		B5F97F4A1DD4FD8000F3F0AB /* Layouts */ = {
			isa = PBXGroup;
			children = (
				B5A950E11DD6D2740031D606 /* Main.storyboard */,
				B575595B1DB303B500959ECF /* LaunchScreen.storyboard */,
			);
			name = Layouts;
			sourceTree = "<group>";
		};
		B5F97F4B1DD4FD9800F3F0AB /* Other */ = {
			isa = PBXGroup;
			children = (
				B57559521DB303B500959ECF /* AppDelegate.swift */,
				B57559511DB303B500959ECF /* Scheduler_1 */,
				B57559661DB303B500959ECF /* Scheduler_1Tests */,
				B57559711DB303B500959ECF /* Scheduler_1UITests */,
			);
			name = Other;
			sourceTree = "<group>";
		};
/* End PBXGroup section */

/* Begin PBXNativeTarget section */
		B575594E1DB303B500959ECF /* Scheduler_1 */ = {
			isa = PBXNativeTarget;
			buildConfigurationList = B57559771DB303B500959ECF /* Build configuration list for PBXNativeTarget "Scheduler_1" */;
			buildPhases = (
				36E9866561947345713B2695 /* [CP] Check Pods Manifest.lock */,
				B575594B1DB303B500959ECF /* Sources */,
				B575594C1DB303B500959ECF /* Frameworks */,
				B575594D1DB303B500959ECF /* Resources */,
				E7ED1FBD41B8684322F7481E /* [CP] Embed Pods Frameworks */,
				C495F4DD66251F6786055319 /* [CP] Copy Pods Resources */,
			);
			buildRules = (
			);
			dependencies = (
			);
			name = Scheduler_1;
			productName = Scheduler_1;
			productReference = B575594F1DB303B500959ECF /* Scheduler_1.app */;
			productType = "com.apple.product-type.application";
		};
		B57559621DB303B500959ECF /* Scheduler_1Tests */ = {
			isa = PBXNativeTarget;
			buildConfigurationList = B575597A1DB303B500959ECF /* Build configuration list for PBXNativeTarget "Scheduler_1Tests" */;
			buildPhases = (
				F3EF16E94C91AA71878AC736 /* [CP] Check Pods Manifest.lock */,
				B575595F1DB303B500959ECF /* Sources */,
				B57559601DB303B500959ECF /* Frameworks */,
				B57559611DB303B500959ECF /* Resources */,
				4694A19868FF082A2F26649F /* [CP] Embed Pods Frameworks */,
				78CDDBD19EDB20157F72992F /* [CP] Copy Pods Resources */,
			);
			buildRules = (
			);
			dependencies = (
				B57559651DB303B500959ECF /* PBXTargetDependency */,
			);
			name = Scheduler_1Tests;
			productName = Scheduler_1Tests;
			productReference = B57559631DB303B500959ECF /* Scheduler_1Tests.xctest */;
			productType = "com.apple.product-type.bundle.unit-test";
		};
		B575596D1DB303B500959ECF /* Scheduler_1UITests */ = {
			isa = PBXNativeTarget;
			buildConfigurationList = B575597D1DB303B500959ECF /* Build configuration list for PBXNativeTarget "Scheduler_1UITests" */;
			buildPhases = (
				D08219331049D8BDF6713732 /* [CP] Check Pods Manifest.lock */,
				B575596A1DB303B500959ECF /* Sources */,
				B575596B1DB303B500959ECF /* Frameworks */,
				B575596C1DB303B500959ECF /* Resources */,
				F04D4965A64B78E381A58C08 /* [CP] Embed Pods Frameworks */,
				26DE5E9014C1D37F20F789D0 /* [CP] Copy Pods Resources */,
			);
			buildRules = (
			);
			dependencies = (
				B57559701DB303B500959ECF /* PBXTargetDependency */,
			);
			name = Scheduler_1UITests;
			productName = Scheduler_1UITests;
			productReference = B575596E1DB303B500959ECF /* Scheduler_1UITests.xctest */;
			productType = "com.apple.product-type.bundle.ui-testing";
		};
/* End PBXNativeTarget section */

/* Begin PBXProject section */
		B57559471DB303B500959ECF /* Project object */ = {
			isa = PBXProject;
			attributes = {
				LastSwiftUpdateCheck = 0730;
				LastUpgradeCheck = 0810;
				ORGANIZATIONNAME = "Ben Baker";
				TargetAttributes = {
					B575594E1DB303B500959ECF = {
						CreatedOnToolsVersion = 7.3.1;
						LastSwiftMigration = 0800;
					};
					B57559621DB303B500959ECF = {
						CreatedOnToolsVersion = 7.3.1;
						LastSwiftMigration = 0800;
						TestTargetID = B575594E1DB303B500959ECF;
					};
					B575596D1DB303B500959ECF = {
						CreatedOnToolsVersion = 7.3.1;
						LastSwiftMigration = 0800;
						TestTargetID = B575594E1DB303B500959ECF;
					};
				};
			};
			buildConfigurationList = B575594A1DB303B500959ECF /* Build configuration list for PBXProject "Scheduler_1" */;
			compatibilityVersion = "Xcode 3.2";
			developmentRegion = English;
			hasScannedForEncodings = 0;
			knownRegions = (
				en,
				Base,
			);
			mainGroup = B57559461DB303B500959ECF;
			productRefGroup = B57559501DB303B500959ECF /* Products */;
			projectDirPath = "";
			projectRoot = "";
			targets = (
				B575594E1DB303B500959ECF /* Scheduler_1 */,
				B57559621DB303B500959ECF /* Scheduler_1Tests */,
				B575596D1DB303B500959ECF /* Scheduler_1UITests */,
			);
		};
/* End PBXProject section */

/* Begin PBXResourcesBuildPhase section */
		B575594D1DB303B500959ECF /* Resources */ = {
			isa = PBXResourcesBuildPhase;
			buildActionMask = 2147483647;
			files = (
				B575595D1DB303B500959ECF /* LaunchScreen.storyboard in Resources */,
				B5F97F4D1DD4FF1100F3F0AB /* GoogleService-Info.plist in Resources */,
				B509F9B71DDFDCB700053174 /* GoogleService-Info.plist in Resources */,
				B575595A1DB303B500959ECF /* Assets.xcassets in Resources */,
				B5A950E31DD6D2740031D606 /* Main.storyboard in Resources */,
			);
			runOnlyForDeploymentPostprocessing = 0;
		};
		B57559611DB303B500959ECF /* Resources */ = {
			isa = PBXResourcesBuildPhase;
			buildActionMask = 2147483647;
			files = (
			);
			runOnlyForDeploymentPostprocessing = 0;
		};
		B575596C1DB303B500959ECF /* Resources */ = {
			isa = PBXResourcesBuildPhase;
			buildActionMask = 2147483647;
			files = (
			);
			runOnlyForDeploymentPostprocessing = 0;
		};
/* End PBXResourcesBuildPhase section */

/* Begin PBXShellScriptBuildPhase section */
		26DE5E9014C1D37F20F789D0 /* [CP] Copy Pods Resources */ = {
			isa = PBXShellScriptBuildPhase;
			buildActionMask = 2147483647;
			files = (
			);
			inputPaths = (
			);
			name = "[CP] Copy Pods Resources";
			outputPaths = (
			);
			runOnlyForDeploymentPostprocessing = 0;
			shellPath = /bin/sh;
			shellScript = "\"${SRCROOT}/Pods/Target Support Files/Pods-Scheduler_1UITests/Pods-Scheduler_1UITests-resources.sh\"\n";
			showEnvVarsInLog = 0;
		};
		36E9866561947345713B2695 /* [CP] Check Pods Manifest.lock */ = {
			isa = PBXShellScriptBuildPhase;
			buildActionMask = 2147483647;
			files = (
			);
			inputPaths = (
			);
			name = "[CP] Check Pods Manifest.lock";
			outputPaths = (
			);
			runOnlyForDeploymentPostprocessing = 0;
			shellPath = /bin/sh;
			shellScript = "diff \"${PODS_ROOT}/../Podfile.lock\" \"${PODS_ROOT}/Manifest.lock\" > /dev/null\nif [ $? != 0 ] ; then\n    # print error to STDERR\n    echo \"error: The sandbox is not in sync with the Podfile.lock. Run 'pod install' or update your CocoaPods installation.\" >&2\n    exit 1\nfi\n";
			showEnvVarsInLog = 0;
		};
		4694A19868FF082A2F26649F /* [CP] Embed Pods Frameworks */ = {
			isa = PBXShellScriptBuildPhase;
			buildActionMask = 2147483647;
			files = (
			);
			inputPaths = (
			);
			name = "[CP] Embed Pods Frameworks";
			outputPaths = (
			);
			runOnlyForDeploymentPostprocessing = 0;
			shellPath = /bin/sh;
			shellScript = "\"${SRCROOT}/Pods/Target Support Files/Pods-Scheduler_1Tests/Pods-Scheduler_1Tests-frameworks.sh\"\n";
			showEnvVarsInLog = 0;
		};
		78CDDBD19EDB20157F72992F /* [CP] Copy Pods Resources */ = {
			isa = PBXShellScriptBuildPhase;
			buildActionMask = 2147483647;
			files = (
			);
			inputPaths = (
			);
			name = "[CP] Copy Pods Resources";
			outputPaths = (
			);
			runOnlyForDeploymentPostprocessing = 0;
			shellPath = /bin/sh;
			shellScript = "\"${SRCROOT}/Pods/Target Support Files/Pods-Scheduler_1Tests/Pods-Scheduler_1Tests-resources.sh\"\n";
			showEnvVarsInLog = 0;
		};
		C495F4DD66251F6786055319 /* [CP] Copy Pods Resources */ = {
			isa = PBXShellScriptBuildPhase;
			buildActionMask = 2147483647;
			files = (
			);
			inputPaths = (
			);
			name = "[CP] Copy Pods Resources";
			outputPaths = (
			);
			runOnlyForDeploymentPostprocessing = 0;
			shellPath = /bin/sh;
			shellScript = "\"${SRCROOT}/Pods/Target Support Files/Pods-Scheduler_1/Pods-Scheduler_1-resources.sh\"\n";
			showEnvVarsInLog = 0;
		};
		D08219331049D8BDF6713732 /* [CP] Check Pods Manifest.lock */ = {
			isa = PBXShellScriptBuildPhase;
			buildActionMask = 2147483647;
			files = (
			);
			inputPaths = (
			);
			name = "[CP] Check Pods Manifest.lock";
			outputPaths = (
			);
			runOnlyForDeploymentPostprocessing = 0;
			shellPath = /bin/sh;
			shellScript = "diff \"${PODS_ROOT}/../Podfile.lock\" \"${PODS_ROOT}/Manifest.lock\" > /dev/null\nif [ $? != 0 ] ; then\n    # print error to STDERR\n    echo \"error: The sandbox is not in sync with the Podfile.lock. Run 'pod install' or update your CocoaPods installation.\" >&2\n    exit 1\nfi\n";
			showEnvVarsInLog = 0;
		};
		E7ED1FBD41B8684322F7481E /* [CP] Embed Pods Frameworks */ = {
			isa = PBXShellScriptBuildPhase;
			buildActionMask = 2147483647;
			files = (
			);
			inputPaths = (
			);
			name = "[CP] Embed Pods Frameworks";
			outputPaths = (
			);
			runOnlyForDeploymentPostprocessing = 0;
			shellPath = /bin/sh;
			shellScript = "\"${SRCROOT}/Pods/Target Support Files/Pods-Scheduler_1/Pods-Scheduler_1-frameworks.sh\"\n";
			showEnvVarsInLog = 0;
		};
		F04D4965A64B78E381A58C08 /* [CP] Embed Pods Frameworks */ = {
			isa = PBXShellScriptBuildPhase;
			buildActionMask = 2147483647;
			files = (
			);
			inputPaths = (
			);
			name = "[CP] Embed Pods Frameworks";
			outputPaths = (
			);
			runOnlyForDeploymentPostprocessing = 0;
			shellPath = /bin/sh;
			shellScript = "\"${SRCROOT}/Pods/Target Support Files/Pods-Scheduler_1UITests/Pods-Scheduler_1UITests-frameworks.sh\"\n";
			showEnvVarsInLog = 0;
		};
		F3EF16E94C91AA71878AC736 /* [CP] Check Pods Manifest.lock */ = {
			isa = PBXShellScriptBuildPhase;
			buildActionMask = 2147483647;
			files = (
			);
			inputPaths = (
			);
			name = "[CP] Check Pods Manifest.lock";
			outputPaths = (
			);
			runOnlyForDeploymentPostprocessing = 0;
			shellPath = /bin/sh;
			shellScript = "diff \"${PODS_ROOT}/../Podfile.lock\" \"${PODS_ROOT}/Manifest.lock\" > /dev/null\nif [ $? != 0 ] ; then\n    # print error to STDERR\n    echo \"error: The sandbox is not in sync with the Podfile.lock. Run 'pod install' or update your CocoaPods installation.\" >&2\n    exit 1\nfi\n";
			showEnvVarsInLog = 0;
		};
/* End PBXShellScriptBuildPhase section */

/* Begin PBXSourcesBuildPhase section */
		B575594B1DB303B500959ECF /* Sources */ = {
			isa = PBXSourcesBuildPhase;
			buildActionMask = 2147483647;
			files = (
				B5A950E01DD6D0490031D606 /* Login.swift in Sources */,
				B59F960A1DBEA64F00E20D08 /* EventDetailsViewController.swift in Sources */,
				B59F960C1DBEA70E00E20D08 /* EventsViewController.swift in Sources */,
				B57559551DB303B500959ECF /* ViewController.swift in Sources */,
				B5F97F4F1DD5009600F3F0AB /* User.swift in Sources */,
				B5F97F511DD502F500F3F0AB /* Event.swift in Sources */,
				B57559531DB303B500959ECF /* AppDelegate.swift in Sources */,
			);
			runOnlyForDeploymentPostprocessing = 0;
		};
		B575595F1DB303B500959ECF /* Sources */ = {
			isa = PBXSourcesBuildPhase;
			buildActionMask = 2147483647;
			files = (
				B57559681DB303B500959ECF /* Scheduler_1Tests.swift in Sources */,
			);
			runOnlyForDeploymentPostprocessing = 0;
		};
		B575596A1DB303B500959ECF /* Sources */ = {
			isa = PBXSourcesBuildPhase;
			buildActionMask = 2147483647;
			files = (
				B57559731DB303B500959ECF /* Scheduler_1UITests.swift in Sources */,
			);
			runOnlyForDeploymentPostprocessing = 0;
		};
/* End PBXSourcesBuildPhase section */

/* Begin PBXTargetDependency section */
		B57559651DB303B500959ECF /* PBXTargetDependency */ = {
			isa = PBXTargetDependency;
			target = B575594E1DB303B500959ECF /* Scheduler_1 */;
			targetProxy = B57559641DB303B500959ECF /* PBXContainerItemProxy */;
		};
		B57559701DB303B500959ECF /* PBXTargetDependency */ = {
			isa = PBXTargetDependency;
			target = B575594E1DB303B500959ECF /* Scheduler_1 */;
			targetProxy = B575596F1DB303B500959ECF /* PBXContainerItemProxy */;
		};
/* End PBXTargetDependency section */

/* Begin PBXVariantGroup section */
		B575595B1DB303B500959ECF /* LaunchScreen.storyboard */ = {
			isa = PBXVariantGroup;
			children = (
				B575595C1DB303B500959ECF /* Base */,
			);
			name = LaunchScreen.storyboard;
			path = Scheduler_1;
			sourceTree = "<group>";
		};
		B5A950E11DD6D2740031D606 /* Main.storyboard */ = {
			isa = PBXVariantGroup;
			children = (
				B5A950E21DD6D2740031D606 /* Base */,
			);
			name = Main.storyboard;
			sourceTree = "<group>";
		};
/* End PBXVariantGroup section */

/* Begin XCBuildConfiguration section */
		B57559751DB303B500959ECF /* Debug */ = {
			isa = XCBuildConfiguration;
			buildSettings = {
				ALWAYS_SEARCH_USER_PATHS = NO;
				CLANG_ANALYZER_NONNULL = YES;
				CLANG_CXX_LANGUAGE_STANDARD = "gnu++0x";
				CLANG_CXX_LIBRARY = "libc++";
				CLANG_ENABLE_MODULES = YES;
				CLANG_ENABLE_OBJC_ARC = YES;
				CLANG_WARN_BOOL_CONVERSION = YES;
				CLANG_WARN_CONSTANT_CONVERSION = YES;
				CLANG_WARN_DIRECT_OBJC_ISA_USAGE = YES_ERROR;
				CLANG_WARN_EMPTY_BODY = YES;
				CLANG_WARN_ENUM_CONVERSION = YES;
				CLANG_WARN_INFINITE_RECURSION = YES;
				CLANG_WARN_INT_CONVERSION = YES;
				CLANG_WARN_OBJC_ROOT_CLASS = YES_ERROR;
				CLANG_WARN_SUSPICIOUS_MOVE = YES;
				CLANG_WARN_UNREACHABLE_CODE = YES;
				CLANG_WARN__DUPLICATE_METHOD_MATCH = YES;
				"CODE_SIGN_IDENTITY[sdk=iphoneos*]" = "iPhone Developer";
				COPY_PHASE_STRIP = NO;
				DEBUG_INFORMATION_FORMAT = dwarf;
				ENABLE_STRICT_OBJC_MSGSEND = YES;
				ENABLE_TESTABILITY = YES;
				GCC_C_LANGUAGE_STANDARD = gnu99;
				GCC_DYNAMIC_NO_PIC = NO;
				GCC_NO_COMMON_BLOCKS = YES;
				GCC_OPTIMIZATION_LEVEL = 0;
				GCC_PREPROCESSOR_DEFINITIONS = (
					"DEBUG=1",
					"$(inherited)",
				);
				GCC_WARN_64_TO_32_BIT_CONVERSION = YES;
				GCC_WARN_ABOUT_RETURN_TYPE = YES_ERROR;
				GCC_WARN_UNDECLARED_SELECTOR = YES;
				GCC_WARN_UNINITIALIZED_AUTOS = YES_AGGRESSIVE;
				GCC_WARN_UNUSED_FUNCTION = YES;
				GCC_WARN_UNUSED_VARIABLE = YES;
				IPHONEOS_DEPLOYMENT_TARGET = 9.3;
				MTL_ENABLE_DEBUG_INFO = YES;
				ONLY_ACTIVE_ARCH = YES;
				SDKROOT = iphoneos;
				SWIFT_OPTIMIZATION_LEVEL = "-Onone";
			};
			name = Debug;
		};
		B57559761DB303B500959ECF /* Release */ = {
			isa = XCBuildConfiguration;
			buildSettings = {
				ALWAYS_SEARCH_USER_PATHS = NO;
				CLANG_ANALYZER_NONNULL = YES;
				CLANG_CXX_LANGUAGE_STANDARD = "gnu++0x";
				CLANG_CXX_LIBRARY = "libc++";
				CLANG_ENABLE_MODULES = YES;
				CLANG_ENABLE_OBJC_ARC = YES;
				CLANG_WARN_BOOL_CONVERSION = YES;
				CLANG_WARN_CONSTANT_CONVERSION = YES;
				CLANG_WARN_DIRECT_OBJC_ISA_USAGE = YES_ERROR;
				CLANG_WARN_EMPTY_BODY = YES;
				CLANG_WARN_ENUM_CONVERSION = YES;
				CLANG_WARN_INFINITE_RECURSION = YES;
				CLANG_WARN_INT_CONVERSION = YES;
				CLANG_WARN_OBJC_ROOT_CLASS = YES_ERROR;
				CLANG_WARN_SUSPICIOUS_MOVE = YES;
				CLANG_WARN_UNREACHABLE_CODE = YES;
				CLANG_WARN__DUPLICATE_METHOD_MATCH = YES;
				"CODE_SIGN_IDENTITY[sdk=iphoneos*]" = "iPhone Developer";
				COPY_PHASE_STRIP = NO;
				DEBUG_INFORMATION_FORMAT = "dwarf-with-dsym";
				ENABLE_NS_ASSERTIONS = NO;
				ENABLE_STRICT_OBJC_MSGSEND = YES;
				GCC_C_LANGUAGE_STANDARD = gnu99;
				GCC_NO_COMMON_BLOCKS = YES;
				GCC_WARN_64_TO_32_BIT_CONVERSION = YES;
				GCC_WARN_ABOUT_RETURN_TYPE = YES_ERROR;
				GCC_WARN_UNDECLARED_SELECTOR = YES;
				GCC_WARN_UNINITIALIZED_AUTOS = YES_AGGRESSIVE;
				GCC_WARN_UNUSED_FUNCTION = YES;
				GCC_WARN_UNUSED_VARIABLE = YES;
				IPHONEOS_DEPLOYMENT_TARGET = 9.3;
				MTL_ENABLE_DEBUG_INFO = NO;
				SDKROOT = iphoneos;
				SWIFT_OPTIMIZATION_LEVEL = "-Owholemodule";
				VALIDATE_PRODUCT = YES;
			};
			name = Release;
		};
		B57559781DB303B500959ECF /* Debug */ = {
			isa = XCBuildConfiguration;
			baseConfigurationReference = BC92056552C992B7CDCABE2B /* Pods-Scheduler_1.debug.xcconfig */;
			buildSettings = {
				ALWAYS_SEARCH_USER_PATHS = YES;
				ASSETCATALOG_COMPILER_APPICON_NAME = AppIcon;
				INFOPLIST_FILE = Scheduler_1/Info.plist;
				PRODUCT_BUNDLE_IDENTIFIER = "com.firstdemo.Scheduler-1";
				PRODUCT_NAME = "$(TARGET_NAME)";
				SWIFT_VERSION = 3.0;
			};
			name = Debug;
		};
		B57559791DB303B500959ECF /* Release */ = {
			isa = XCBuildConfiguration;
			baseConfigurationReference = D3599C8A8D7D7FFF97C50FFC /* Pods-Scheduler_1.release.xcconfig */;
			buildSettings = {
				ALWAYS_SEARCH_USER_PATHS = YES;
				ASSETCATALOG_COMPILER_APPICON_NAME = AppIcon;
				INFOPLIST_FILE = Scheduler_1/Info.plist;
				PRODUCT_BUNDLE_IDENTIFIER = "com.firstdemo.Scheduler-1";
				PRODUCT_NAME = "$(TARGET_NAME)";
				SWIFT_VERSION = 3.0;
			};
			name = Release;
		};
		B575597B1DB303B500959ECF /* Debug */ = {
			isa = XCBuildConfiguration;
			baseConfigurationReference = 2797EA6E739C8BAAB3728536 /* Pods-Scheduler_1Tests.debug.xcconfig */;
			buildSettings = {
				BUNDLE_LOADER = "$(TEST_HOST)";
				INFOPLIST_FILE = Scheduler_1Tests/Info.plist;
				LD_RUNPATH_SEARCH_PATHS = "$(inherited) @executable_path/Frameworks @loader_path/Frameworks";
				PRODUCT_BUNDLE_IDENTIFIER = "com.firstdemo.Scheduler-1Tests";
				PRODUCT_NAME = "$(TARGET_NAME)";
				SWIFT_VERSION = 3.0;
				TEST_HOST = "$(BUILT_PRODUCTS_DIR)/Scheduler_1.app/Scheduler_1";
			};
			name = Debug;
		};
		B575597C1DB303B500959ECF /* Release */ = {
			isa = XCBuildConfiguration;
			baseConfigurationReference = CBA9F3E1C2B9C9D7DB9CA86C /* Pods-Scheduler_1Tests.release.xcconfig */;
			buildSettings = {
				BUNDLE_LOADER = "$(TEST_HOST)";
				INFOPLIST_FILE = Scheduler_1Tests/Info.plist;
				LD_RUNPATH_SEARCH_PATHS = "$(inherited) @executable_path/Frameworks @loader_path/Frameworks";
				PRODUCT_BUNDLE_IDENTIFIER = "com.firstdemo.Scheduler-1Tests";
				PRODUCT_NAME = "$(TARGET_NAME)";
				SWIFT_VERSION = 3.0;
				TEST_HOST = "$(BUILT_PRODUCTS_DIR)/Scheduler_1.app/Scheduler_1";
			};
			name = Release;
		};
		B575597E1DB303B500959ECF /* Debug */ = {
			isa = XCBuildConfiguration;
			baseConfigurationReference = A2D230AACB27AD6B1FE7C3EA /* Pods-Scheduler_1UITests.debug.xcconfig */;
			buildSettings = {
				INFOPLIST_FILE = Scheduler_1UITests/Info.plist;
				LD_RUNPATH_SEARCH_PATHS = "$(inherited) @executable_path/Frameworks @loader_path/Frameworks";
				PRODUCT_BUNDLE_IDENTIFIER = "com.firstdemo.Scheduler-1UITests";
				PRODUCT_NAME = "$(TARGET_NAME)";
				SWIFT_VERSION = 3.0;
				TEST_TARGET_NAME = Scheduler_1;
			};
			name = Debug;
		};
		B575597F1DB303B500959ECF /* Release */ = {
			isa = XCBuildConfiguration;
			baseConfigurationReference = 84FD573F094D3ACB867CC2A1 /* Pods-Scheduler_1UITests.release.xcconfig */;
			buildSettings = {
				INFOPLIST_FILE = Scheduler_1UITests/Info.plist;
				LD_RUNPATH_SEARCH_PATHS = "$(inherited) @executable_path/Frameworks @loader_path/Frameworks";
				PRODUCT_BUNDLE_IDENTIFIER = "com.firstdemo.Scheduler-1UITests";
				PRODUCT_NAME = "$(TARGET_NAME)";
				SWIFT_VERSION = 3.0;
				TEST_TARGET_NAME = Scheduler_1;
			};
			name = Release;
		};
/* End XCBuildConfiguration section */

/* Begin XCConfigurationList section */
		B575594A1DB303B500959ECF /* Build configuration list for PBXProject "Scheduler_1" */ = {
			isa = XCConfigurationList;
			buildConfigurations = (
				B57559751DB303B500959ECF /* Debug */,
				B57559761DB303B500959ECF /* Release */,
			);
			defaultConfigurationIsVisible = 0;
			defaultConfigurationName = Release;
		};
		B57559771DB303B500959ECF /* Build configuration list for PBXNativeTarget "Scheduler_1" */ = {
			isa = XCConfigurationList;
			buildConfigurations = (
				B57559781DB303B500959ECF /* Debug */,
				B57559791DB303B500959ECF /* Release */,
			);
			defaultConfigurationIsVisible = 0;
			defaultConfigurationName = Release;
		};
		B575597A1DB303B500959ECF /* Build configuration list for PBXNativeTarget "Scheduler_1Tests" */ = {
			isa = XCConfigurationList;
			buildConfigurations = (
				B575597B1DB303B500959ECF /* Debug */,
				B575597C1DB303B500959ECF /* Release */,
			);
			defaultConfigurationIsVisible = 0;
			defaultConfigurationName = Release;
		};
		B575597D1DB303B500959ECF /* Build configuration list for PBXNativeTarget "Scheduler_1UITests" */ = {
			isa = XCConfigurationList;
			buildConfigurations = (
				B575597E1DB303B500959ECF /* Debug */,
				B575597F1DB303B500959ECF /* Release */,
			);
			defaultConfigurationIsVisible = 0;
			defaultConfigurationName = Release;
		};
/* End XCConfigurationList section */
	};
	rootObject = B57559471DB303B500959ECF /* Project object */;
}
